
Microsoft Visual Studio Solution File, Format Version 12.00
# Visual Studio Version 17
VisualStudioVersion = 17.0.31903.59
MinimumVisualStudioVersion = 10.0.40219.1
Project("{FAE04EC0-301F-11D3-BF4B-00C04F79EFBC}") = "SmsPlatform.Domain", "SmsPlatform.Domain\SmsPlatform.Domain.csproj", "{ED683202-BF4D-40B7-96DB-5AFB9AEF342B}"
EndProject
Project("{FAE04EC0-301F-11D3-BF4B-00C04F79EFBC}") = "SmsPlatform.Application", "SmsPlatform.Application\SmsPlatform.Application.csproj", "{0D973FA1-F6B8-4885-8728-DEC2DD22F3A3}"
EndProject
Project("{FAE04EC0-301F-11D3-BF4B-00C04F79EFBC}") = "SmsPlatform.Infrastructure", "SmsPlatform.Infrastructure\SmsPlatform.Infrastructure.csproj", "{DF4FD664-19FE-46C9-A77B-9BD2CA72CA78}"
EndProject
Project("{FAE04EC0-301F-11D3-BF4B-00C04F79EFBC}") = "SmsPlatform.Api", "SmsPlatform.Api\SmsPlatform.Api.csproj", "{B609A135-625C-47F9-B7C8-B88AC5EF91D9}"
EndProject
Global
	GlobalSection(SolutionConfigurationPlatforms) = preSolution
		Debug|Any CPU = Debug|Any CPU
		Release|Any CPU = Release|Any CPU
	EndGlobalSection
	GlobalSection(SolutionProperties) = preSolution
		HideSolutionNode = FALSE
	EndGlobalSection
	GlobalSection(ProjectConfigurationPlatforms) = postSolution
		{ED683202-BF4D-40B7-96DB-5AFB9AEF342B}.Debug|Any CPU.ActiveCfg = Debug|Any CPU
		{ED683202-BF4D-40B7-96DB-5AFB9AEF342B}.Debug|Any CPU.Build.0 = Debug|Any CPU
		{ED683202-BF4D-40B7-96DB-5AFB9AEF342B}.Release|Any CPU.ActiveCfg = Release|Any CPU
		{ED683202-BF4D-40B7-96DB-5AFB9AEF342B}.Release|Any CPU.Build.0 = Release|Any CPU
		{0D973FA1-F6B8-4885-8728-DEC2DD22F3A3}.Debug|Any CPU.ActiveCfg = Debug|Any CPU
		{0D973FA1-F6B8-4885-8728-DEC2DD22F3A3}.Debug|Any CPU.Build.0 = Debug|Any CPU
		{0D973FA1-F6B8-4885-8728-DEC2DD22F3A3}.Release|Any CPU.ActiveCfg = Release|Any CPU
		{0D973FA1-F6B8-4885-8728-DEC2DD22F3A3}.Release|Any CPU.Build.0 = Release|Any CPU
		{DF4FD664-19FE-46C9-A77B-9BD2CA72CA78}.Debug|Any CPU.ActiveCfg = Debug|Any CPU
		{DF4FD664-19FE-46C9-A77B-9BD2CA72CA78}.Debug|Any CPU.Build.0 = Debug|Any CPU
		{DF4FD664-19FE-46C9-A77B-9BD2CA72CA78}.Release|Any CPU.ActiveCfg = Release|Any CPU
		{DF4FD664-19FE-46C9-A77B-9BD2CA72CA78}.Release|Any CPU.Build.0 = Release|Any CPU
		{B609A135-625C-47F9-B7C8-B88AC5EF91D9}.Debug|Any CPU.ActiveCfg = Debug|Any CPU
		{B609A135-625C-47F9-B7C8-B88AC5EF91D9}.Debug|Any CPU.Build.0 = Debug|Any CPU
		{B609A135-625C-47F9-B7C8-B88AC5EF91D9}.Release|Any CPU.ActiveCfg = Release|Any CPU
		{B609A135-625C-47F9-B7C8-B88AC5EF91D9}.Release|Any CPU.Build.0 = Release|Any CPU
	EndGlobalSection
EndGlobal
